
Microsoft Visual Studio Solution File, Format Version 12.00
# Visual Studio Version 17
VisualStudioVersion = 17.6.33815.320
MinimumVisualStudioVersion = 10.0.40219.1
Project("{FAE04EC0-301F-11D3-BF4B-00C04F79EFBC}") = "CSharpRampUp", "CSharpRampUp\CSharpRampUp.csproj", "{ABD517EC-8C41-43B8-A1FD-9ACE243976EC}"
EndProject
Global
	GlobalSection(SolutionConfigurationPlatforms) = preSolution
		Debug|Any CPU = Debug|Any CPU
		Release|Any CPU = Release|Any CPU
	EndGlobalSection
	GlobalSection(ProjectConfigurationPlatforms) = postSolution
		{ABD517EC-8C41-43B8-A1FD-9ACE243976EC}.Debug|Any CPU.ActiveCfg = Debug|Any CPU
		{ABD517EC-8C41-43B8-A1FD-9ACE243976EC}.Debug|Any CPU.Build.0 = Debug|Any CPU
		{ABD517EC-8C41-43B8-A1FD-9ACE243976EC}.Release|Any CPU.ActiveCfg = Release|Any CPU
		{ABD517EC-8C41-43B8-A1FD-9ACE243976EC}.Release|Any CPU.Build.0 = Release|Any CPU
	EndGlobalSection
	GlobalSection(SolutionProperties) = preSolution
		HideSolutionNode = FALSE
	EndGlobalSection
	GlobalSection(ExtensibilityGlobals) = postSolution
		SolutionGuid = {6C1A006B-74C6-49DA-A776-1ED1019F2B88}
	EndGlobalSection
EndGlobal
